
Microsoft Visual Studio Solution File, Format Version 12.00
# Visual Studio Version 16
VisualStudioVersion = 16.0.31005.135
MinimumVisualStudioVersion = 10.0.40219.1
Project("{FAE04EC0-301F-11D3-BF4B-00C04F79EFBC}") = "kidyx.com", "kidyx.com.csproj", "{CFC9C4B7-BC06-4988-BAC4-ACB635E7EC21}"
EndProject
Global
	GlobalSection(SolutionConfigurationPlatforms) = preSolution
		Debug|Any CPU = Debug|Any CPU
		Release|Any CPU = Release|Any CPU
	EndGlobalSection
	GlobalSection(ProjectConfigurationPlatforms) = postSolution
		{CFC9C4B7-BC06-4988-BAC4-ACB635E7EC21}.Debug|Any CPU.ActiveCfg = Debug|Any CPU
		{CFC9C4B7-BC06-4988-BAC4-ACB635E7EC21}.Debug|Any CPU.Build.0 = Debug|Any CPU
		{CFC9C4B7-BC06-4988-BAC4-ACB635E7EC21}.Release|Any CPU.ActiveCfg = Release|Any CPU
		{CFC9C4B7-BC06-4988-BAC4-ACB635E7EC21}.Release|Any CPU.Build.0 = Release|Any CPU
	EndGlobalSection
	GlobalSection(SolutionProperties) = preSolution
		HideSolutionNode = FALSE
	EndGlobalSection
	GlobalSection(ExtensibilityGlobals) = postSolution
		SolutionGuid = {95A49ACA-009F-496E-BD9D-7F684439D99E}
	EndGlobalSection
EndGlobal
